
Microsoft Visual Studio Solution File, Format Version 11.00
# Visual Studio 2010
Project("{FAE04EC0-301F-11D3-BF4B-00C04F79EFBC}") = "Assembly-CSharp", "Assembly-CSharp.csproj", "{C4A0B94C-1610-99C0-7FF7-CC3B139E0CB3}"
EndProject
Project("{FAE04EC0-301F-11D3-BF4B-00C04F79EFBC}") = "Oculus.VR", "Oculus.VR.csproj", "{D0C1EFD8-2835-3EC5-E0F2-26AF34F8B373}"
EndProject
Project("{FAE04EC0-301F-11D3-BF4B-00C04F79EFBC}") = "Assembly-CSharp-Editor", "Assembly-CSharp-Editor.csproj", "{5F20C7C1-4138-1709-2EAD-927FFBD05FF7}"
EndProject
Project("{FAE04EC0-301F-11D3-BF4B-00C04F79EFBC}") = "Oculus.VR.Scripts.Editor", "Oculus.VR.Scripts.Editor.csproj", "{8701C23B-869A-3161-FA4D-2B132AD59836}"
EndProject
Project("{FAE04EC0-301F-11D3-BF4B-00C04F79EFBC}") = "Oculus.VR.Editor", "Oculus.VR.Editor.csproj", "{B03853EA-225E-D384-673B-00C53585C530}"
EndProject
Global
	GlobalSection(SolutionConfigurationPlatforms) = preSolution
		Debug|Any CPU = Debug|Any CPU
		Release|Any CPU = Release|Any CPU
	EndGlobalSection
	GlobalSection(ProjectConfigurationPlatforms) = postSolution
		{C4A0B94C-1610-99C0-7FF7-CC3B139E0CB3}.Debug|Any CPU.ActiveCfg = Debug|Any CPU
		{C4A0B94C-1610-99C0-7FF7-CC3B139E0CB3}.Debug|Any CPU.Build.0 = Debug|Any CPU
		{C4A0B94C-1610-99C0-7FF7-CC3B139E0CB3}.Release|Any CPU.ActiveCfg = Release|Any CPU
		{C4A0B94C-1610-99C0-7FF7-CC3B139E0CB3}.Release|Any CPU.Build.0 = Release|Any CPU
		{D0C1EFD8-2835-3EC5-E0F2-26AF34F8B373}.Debug|Any CPU.ActiveCfg = Debug|Any CPU
		{D0C1EFD8-2835-3EC5-E0F2-26AF34F8B373}.Debug|Any CPU.Build.0 = Debug|Any CPU
		{D0C1EFD8-2835-3EC5-E0F2-26AF34F8B373}.Release|Any CPU.ActiveCfg = Release|Any CPU
		{D0C1EFD8-2835-3EC5-E0F2-26AF34F8B373}.Release|Any CPU.Build.0 = Release|Any CPU
		{5F20C7C1-4138-1709-2EAD-927FFBD05FF7}.Debug|Any CPU.ActiveCfg = Debug|Any CPU
		{5F20C7C1-4138-1709-2EAD-927FFBD05FF7}.Debug|Any CPU.Build.0 = Debug|Any CPU
		{5F20C7C1-4138-1709-2EAD-927FFBD05FF7}.Release|Any CPU.ActiveCfg = Release|Any CPU
		{5F20C7C1-4138-1709-2EAD-927FFBD05FF7}.Release|Any CPU.Build.0 = Release|Any CPU
		{8701C23B-869A-3161-FA4D-2B132AD59836}.Debug|Any CPU.ActiveCfg = Debug|Any CPU
		{8701C23B-869A-3161-FA4D-2B132AD59836}.Debug|Any CPU.Build.0 = Debug|Any CPU
		{8701C23B-869A-3161-FA4D-2B132AD59836}.Release|Any CPU.ActiveCfg = Release|Any CPU
		{8701C23B-869A-3161-FA4D-2B132AD59836}.Release|Any CPU.Build.0 = Release|Any CPU
		{B03853EA-225E-D384-673B-00C53585C530}.Debug|Any CPU.ActiveCfg = Debug|Any CPU
		{B03853EA-225E-D384-673B-00C53585C530}.Debug|Any CPU.Build.0 = Debug|Any CPU
		{B03853EA-225E-D384-673B-00C53585C530}.Release|Any CPU.ActiveCfg = Release|Any CPU
		{B03853EA-225E-D384-673B-00C53585C530}.Release|Any CPU.Build.0 = Release|Any CPU
	EndGlobalSection
	GlobalSection(SolutionProperties) = preSolution
		HideSolutionNode = FALSE
	EndGlobalSection
EndGlobal
